// !$*UTF8*$!
{
	archiveVersion = 1;
	classes = {
	};
	objectVersion = 56;
	objects = {

/* Begin PBXBuildFile section */
		72812EA92A74F38400B555C7 /* Setting.swift in Sources */ = {isa = PBXBuildFile; fileRef = 72812EA82A74F38400B555C7 /* Setting.swift */; };
		72812EAB2A75088000B555C7 /* ShoppingViewController.swift in Sources */ = {isa = PBXBuildFile; fileRef = 72812EAA2A75087F00B555C7 /* ShoppingViewController.swift */; };
		72812EAD2A750BC700B555C7 /* ShoppingTableViewCell.swift in Sources */ = {isa = PBXBuildFile; fileRef = 72812EAC2A750BC700B555C7 /* ShoppingTableViewCell.swift */; };
		72812EAF2A750C9900B555C7 /* UIExtension.swift in Sources */ = {isa = PBXBuildFile; fileRef = 72812EAE2A750C9900B555C7 /* UIExtension.swift */; };
		72812EB12A750E4300B555C7 /* ShoppingItem.swift in Sources */ = {isa = PBXBuildFile; fileRef = 72812EB02A750E4300B555C7 /* ShoppingItem.swift */; };
		72A504DC2A72A11D00A87362 /* AppDelegate.swift in Sources */ = {isa = PBXBuildFile; fileRef = 72A504DB2A72A11D00A87362 /* AppDelegate.swift */; };
		72A504DE2A72A11D00A87362 /* SceneDelegate.swift in Sources */ = {isa = PBXBuildFile; fileRef = 72A504DD2A72A11D00A87362 /* SceneDelegate.swift */; };
		72A504E52A72A12000A87362 /* Assets.xcassets in Resources */ = {isa = PBXBuildFile; fileRef = 72A504E42A72A12000A87362 /* Assets.xcassets */; };
		72A504E82A72A12000A87362 /* LaunchScreen.storyboard in Resources */ = {isa = PBXBuildFile; fileRef = 72A504E62A72A12000A87362 /* LaunchScreen.storyboard */; };
		72A504F02A72A26000A87362 /* Setting.storyboard in Resources */ = {isa = PBXBuildFile; fileRef = 72A504EF2A72A26000A87362 /* Setting.storyboard */; };
		72A504F22A72B23300A87362 /* SettingViewController.swift in Sources */ = {isa = PBXBuildFile; fileRef = 72A504F12A72B23300A87362 /* SettingViewController.swift */; };
		72AB1B7C2A76378600431DCD /* Main.storyboard in Resources */ = {isa = PBXBuildFile; fileRef = 72AB1B7B2A76378600431DCD /* Main.storyboard */; };
		72AB1B7E2A76378C00431DCD /* Movie.storyboard in Resources */ = {isa = PBXBuildFile; fileRef = 72AB1B7D2A76378C00431DCD /* Movie.storyboard */; };
		72AB1B802A76379400431DCD /* Shop.storyboard in Resources */ = {isa = PBXBuildFile; fileRef = 72AB1B7F2A76379400431DCD /* Shop.storyboard */; };
		72AB1B852A76380F00431DCD /* MainViewController.swift in Sources */ = {isa = PBXBuildFile; fileRef = 72AB1B842A76380F00431DCD /* MainViewController.swift */; };
		72AB1B872A763BF000431DCD /* MovieViewController.swift in Sources */ = {isa = PBXBuildFile; fileRef = 72AB1B862A763BF000431DCD /* MovieViewController.swift */; };
		72AB1B892A763F2F00431DCD /* Movie.swift in Sources */ = {isa = PBXBuildFile; fileRef = 72AB1B882A763F2F00431DCD /* Movie.swift */; };
		72ABE25A2A7642F100FDE2A2 /* MoviewViewCell.swift in Sources */ = {isa = PBXBuildFile; fileRef = 72ABE2592A7642F100FDE2A2 /* MoviewViewCell.swift */; };
/* End PBXBuildFile section */

/* Begin PBXFileReference section */
		72812EA82A74F38400B555C7 /* Setting.swift */ = {isa = PBXFileReference; lastKnownFileType = sourcecode.swift; path = Setting.swift; sourceTree = "<group>"; };
		72812EAA2A75087F00B555C7 /* ShoppingViewController.swift */ = {isa = PBXFileReference; lastKnownFileType = sourcecode.swift; path = ShoppingViewController.swift; sourceTree = "<group>"; };
		72812EAC2A750BC700B555C7 /* ShoppingTableViewCell.swift */ = {isa = PBXFileReference; lastKnownFileType = sourcecode.swift; path = ShoppingTableViewCell.swift; sourceTree = "<group>"; };
		72812EAE2A750C9900B555C7 /* UIExtension.swift */ = {isa = PBXFileReference; lastKnownFileType = sourcecode.swift; path = UIExtension.swift; sourceTree = "<group>"; };
		72812EB02A750E4300B555C7 /* ShoppingItem.swift */ = {isa = PBXFileReference; lastKnownFileType = sourcecode.swift; path = ShoppingItem.swift; sourceTree = "<group>"; };
		72A504D82A72A11D00A87362 /* Week3.app */ = {isa = PBXFileReference; explicitFileType = wrapper.application; includeInIndex = 0; path = Week3.app; sourceTree = BUILT_PRODUCTS_DIR; };
		72A504DB2A72A11D00A87362 /* AppDelegate.swift */ = {isa = PBXFileReference; lastKnownFileType = sourcecode.swift; path = AppDelegate.swift; sourceTree = "<group>"; };
		72A504DD2A72A11D00A87362 /* SceneDelegate.swift */ = {isa = PBXFileReference; lastKnownFileType = sourcecode.swift; path = SceneDelegate.swift; sourceTree = "<group>"; };
		72A504E42A72A12000A87362 /* Assets.xcassets */ = {isa = PBXFileReference; lastKnownFileType = folder.assetcatalog; path = Assets.xcassets; sourceTree = "<group>"; };
		72A504E72A72A12000A87362 /* Base */ = {isa = PBXFileReference; lastKnownFileType = file.storyboard; name = Base; path = Base.lproj/LaunchScreen.storyboard; sourceTree = "<group>"; };
		72A504E92A72A12000A87362 /* Info.plist */ = {isa = PBXFileReference; lastKnownFileType = text.plist.xml; path = Info.plist; sourceTree = "<group>"; };
		72A504EF2A72A26000A87362 /* Setting.storyboard */ = {isa = PBXFileReference; lastKnownFileType = file.storyboard; path = Setting.storyboard; sourceTree = "<group>"; };
		72A504F12A72B23300A87362 /* SettingViewController.swift */ = {isa = PBXFileReference; lastKnownFileType = sourcecode.swift; path = SettingViewController.swift; sourceTree = "<group>"; };
		72AB1B7B2A76378600431DCD /* Main.storyboard */ = {isa = PBXFileReference; lastKnownFileType = file.storyboard; path = Main.storyboard; sourceTree = "<group>"; };
		72AB1B7D2A76378C00431DCD /* Movie.storyboard */ = {isa = PBXFileReference; lastKnownFileType = file.storyboard; path = Movie.storyboard; sourceTree = "<group>"; };
		72AB1B7F2A76379400431DCD /* Shop.storyboard */ = {isa = PBXFileReference; lastKnownFileType = file.storyboard; path = Shop.storyboard; sourceTree = "<group>"; };
		72AB1B842A76380F00431DCD /* MainViewController.swift */ = {isa = PBXFileReference; lastKnownFileType = sourcecode.swift; path = MainViewController.swift; sourceTree = "<group>"; };
		72AB1B862A763BF000431DCD /* MovieViewController.swift */ = {isa = PBXFileReference; lastKnownFileType = sourcecode.swift; path = MovieViewController.swift; sourceTree = "<group>"; };
		72AB1B882A763F2F00431DCD /* Movie.swift */ = {isa = PBXFileReference; fileEncoding = 4; lastKnownFileType = sourcecode.swift; path = Movie.swift; sourceTree = "<group>"; };
		72ABE2592A7642F100FDE2A2 /* MoviewViewCell.swift */ = {isa = PBXFileReference; lastKnownFileType = sourcecode.swift; path = MoviewViewCell.swift; sourceTree = "<group>"; };
/* End PBXFileReference section */

/* Begin PBXFrameworksBuildPhase section */
		72A504D52A72A11D00A87362 /* Frameworks */ = {
			isa = PBXFrameworksBuildPhase;
			buildActionMask = 2147483647;
			files = (
			);
			runOnlyForDeploymentPostprocessing = 0;
		};
/* End PBXFrameworksBuildPhase section */

/* Begin PBXGroup section */
		72A504CF2A72A11D00A87362 = {
			isa = PBXGroup;
			children = (
				72A504DA2A72A11D00A87362 /* Week3 */,
				72A504D92A72A11D00A87362 /* Products */,
			);
			sourceTree = "<group>";
		};
		72A504D92A72A11D00A87362 /* Products */ = {
			isa = PBXGroup;
			children = (
				72A504D82A72A11D00A87362 /* Week3.app */,
			);
			name = Products;
			sourceTree = "<group>";
		};
		72A504DA2A72A11D00A87362 /* Week3 */ = {
			isa = PBXGroup;
			children = (
				72A504DB2A72A11D00A87362 /* AppDelegate.swift */,
				72A504DD2A72A11D00A87362 /* SceneDelegate.swift */,
				72AB1B842A76380F00431DCD /* MainViewController.swift */,
				72AB1B7B2A76378600431DCD /* Main.storyboard */,
				72AB1B832A7637B000431DCD /* Setting */,
				72AB1B822A7637AC00431DCD /* Movie */,
				72AB1B812A7637A600431DCD /* Shop */,
				72812EAE2A750C9900B555C7 /* UIExtension.swift */,
				72A504E42A72A12000A87362 /* Assets.xcassets */,
				72A504E62A72A12000A87362 /* LaunchScreen.storyboard */,
				72A504E92A72A12000A87362 /* Info.plist */,
			);
			path = Week3;
			sourceTree = "<group>";
		};
		72AB1B812A7637A600431DCD /* Shop */ = {
			isa = PBXGroup;
			children = (
				72812EB02A750E4300B555C7 /* ShoppingItem.swift */,
				72812EAC2A750BC700B555C7 /* ShoppingTableViewCell.swift */,
				72812EAA2A75087F00B555C7 /* ShoppingViewController.swift */,
				72AB1B7F2A76379400431DCD /* Shop.storyboard */,
			);
			path = Shop;
			sourceTree = "<group>";
		};
		72AB1B822A7637AC00431DCD /* Movie */ = {
			isa = PBXGroup;
			children = (
				72AB1B882A763F2F00431DCD /* Movie.swift */,
				72ABE2592A7642F100FDE2A2 /* MoviewViewCell.swift */,
				72AB1B862A763BF000431DCD /* MovieViewController.swift */,
				72AB1B7D2A76378C00431DCD /* Movie.storyboard */,
			);
			path = Movie;
			sourceTree = "<group>";
		};
		72AB1B832A7637B000431DCD /* Setting */ = {
			isa = PBXGroup;
			children = (
				72812EA82A74F38400B555C7 /* Setting.swift */,
				72A504F12A72B23300A87362 /* SettingViewController.swift */,
				72A504EF2A72A26000A87362 /* Setting.storyboard */,
			);
			path = Setting;
			sourceTree = "<group>";
		};
/* End PBXGroup section */

/* Begin PBXNativeTarget section */
		72A504D72A72A11D00A87362 /* Week3 */ = {
			isa = PBXNativeTarget;
			buildConfigurationList = 72A504EC2A72A12000A87362 /* Build configuration list for PBXNativeTarget "Week3" */;
			buildPhases = (
				72A504D42A72A11D00A87362 /* Sources */,
				72A504D52A72A11D00A87362 /* Frameworks */,
				72A504D62A72A11D00A87362 /* Resources */,
			);
			buildRules = (
			);
			dependencies = (
			);
			name = Week3;
			productName = Week3;
			productReference = 72A504D82A72A11D00A87362 /* Week3.app */;
			productType = "com.apple.product-type.application";
		};
/* End PBXNativeTarget section */

/* Begin PBXProject section */
		72A504D02A72A11D00A87362 /* Project object */ = {
			isa = PBXProject;
			attributes = {
				BuildIndependentTargetsInParallel = 1;
				LastSwiftUpdateCheck = 1430;
				LastUpgradeCheck = 1430;
				TargetAttributes = {
					72A504D72A72A11D00A87362 = {
						CreatedOnToolsVersion = 14.3;
					};
				};
			};
			buildConfigurationList = 72A504D32A72A11D00A87362 /* Build configuration list for PBXProject "Week3" */;
			compatibilityVersion = "Xcode 14.0";
			developmentRegion = en;
			hasScannedForEncodings = 0;
			knownRegions = (
				en,
				Base,
			);
			mainGroup = 72A504CF2A72A11D00A87362;
			productRefGroup = 72A504D92A72A11D00A87362 /* Products */;
			projectDirPath = "";
			projectRoot = "";
			targets = (
				72A504D72A72A11D00A87362 /* Week3 */,
			);
		};
/* End PBXProject section */

/* Begin PBXResourcesBuildPhase section */
		72A504D62A72A11D00A87362 /* Resources */ = {
			isa = PBXResourcesBuildPhase;
			buildActionMask = 2147483647;
			files = (
				72AB1B802A76379400431DCD /* Shop.storyboard in Resources */,
				72AB1B7E2A76378C00431DCD /* Movie.storyboard in Resources */,
				72A504E82A72A12000A87362 /* LaunchScreen.storyboard in Resources */,
				72A504E52A72A12000A87362 /* Assets.xcassets in Resources */,
				72A504F02A72A26000A87362 /* Setting.storyboard in Resources */,
				72AB1B7C2A76378600431DCD /* Main.storyboard in Resources */,
			);
			runOnlyForDeploymentPostprocessing = 0;
		};
/* End PBXResourcesBuildPhase section */

/* Begin PBXSourcesBuildPhase section */
		72A504D42A72A11D00A87362 /* Sources */ = {
			isa = PBXSourcesBuildPhase;
			buildActionMask = 2147483647;
			files = (
				72812EA92A74F38400B555C7 /* Setting.swift in Sources */,
				72AB1B892A763F2F00431DCD /* Movie.swift in Sources */,
				72AB1B872A763BF000431DCD /* MovieViewController.swift in Sources */,
				72A504DC2A72A11D00A87362 /* AppDelegate.swift in Sources */,
				72A504DE2A72A11D00A87362 /* SceneDelegate.swift in Sources */,
				72ABE25A2A7642F100FDE2A2 /* MoviewViewCell.swift in Sources */,
				72812EAB2A75088000B555C7 /* ShoppingViewController.swift in Sources */,
				72812EAD2A750BC700B555C7 /* ShoppingTableViewCell.swift in Sources */,
				72812EB12A750E4300B555C7 /* ShoppingItem.swift in Sources */,
				72AB1B852A76380F00431DCD /* MainViewController.swift in Sources */,
				72A504F22A72B23300A87362 /* SettingViewController.swift in Sources */,
				72812EAF2A750C9900B555C7 /* UIExtension.swift in Sources */,
			);
			runOnlyForDeploymentPostprocessing = 0;
		};
/* End PBXSourcesBuildPhase section */

/* Begin PBXVariantGroup section */
		72A504E62A72A12000A87362 /* LaunchScreen.storyboard */ = {
			isa = PBXVariantGroup;
			children = (
				72A504E72A72A12000A87362 /* Base */,
			);
			name = LaunchScreen.storyboard;
			sourceTree = "<group>";
		};
/* End PBXVariantGroup section */

/* Begin XCBuildConfiguration section */
		72A504EA2A72A12000A87362 /* Debug */ = {
			isa = XCBuildConfiguration;
			buildSettings = {
				ALWAYS_SEARCH_USER_PATHS = NO;
				CLANG_ANALYZER_NONNULL = YES;
				CLANG_ANALYZER_NUMBER_OBJECT_CONVERSION = YES_AGGRESSIVE;
				CLANG_CXX_LANGUAGE_STANDARD = "gnu++20";
				CLANG_ENABLE_MODULES = YES;
				CLANG_ENABLE_OBJC_ARC = YES;
				CLANG_ENABLE_OBJC_WEAK = YES;
				CLANG_WARN_BLOCK_CAPTURE_AUTORELEASING = YES;
				CLANG_WARN_BOOL_CONVERSION = YES;
				CLANG_WARN_COMMA = YES;
				CLANG_WARN_CONSTANT_CONVERSION = YES;
				CLANG_WARN_DEPRECATED_OBJC_IMPLEMENTATIONS = YES;
				CLANG_WARN_DIRECT_OBJC_ISA_USAGE = YES_ERROR;
				CLANG_WARN_DOCUMENTATION_COMMENTS = YES;
				CLANG_WARN_EMPTY_BODY = YES;
				CLANG_WARN_ENUM_CONVERSION = YES;
				CLANG_WARN_INFINITE_RECURSION = YES;
				CLANG_WARN_INT_CONVERSION = YES;
				CLANG_WARN_NON_LITERAL_NULL_CONVERSION = YES;
				CLANG_WARN_OBJC_IMPLICIT_RETAIN_SELF = YES;
				CLANG_WARN_OBJC_LITERAL_CONVERSION = YES;
				CLANG_WARN_OBJC_ROOT_CLASS = YES_ERROR;
				CLANG_WARN_QUOTED_INCLUDE_IN_FRAMEWORK_HEADER = YES;
				CLANG_WARN_RANGE_LOOP_ANALYSIS = YES;
				CLANG_WARN_STRICT_PROTOTYPES = YES;
				CLANG_WARN_SUSPICIOUS_MOVE = YES;
				CLANG_WARN_UNGUARDED_AVAILABILITY = YES_AGGRESSIVE;
				CLANG_WARN_UNREACHABLE_CODE = YES;
				CLANG_WARN__DUPLICATE_METHOD_MATCH = YES;
				COPY_PHASE_STRIP = NO;
				DEBUG_INFORMATION_FORMAT = dwarf;
				ENABLE_STRICT_OBJC_MSGSEND = YES;
				ENABLE_TESTABILITY = YES;
				GCC_C_LANGUAGE_STANDARD = gnu11;
				GCC_DYNAMIC_NO_PIC = NO;
				GCC_NO_COMMON_BLOCKS = YES;
				GCC_OPTIMIZATION_LEVEL = 0;
				GCC_PREPROCESSOR_DEFINITIONS = (
					"DEBUG=1",
					"$(inherited)",
				);
				GCC_WARN_64_TO_32_BIT_CONVERSION = YES;
				GCC_WARN_ABOUT_RETURN_TYPE = YES_ERROR;
				GCC_WARN_UNDECLARED_SELECTOR = YES;
				GCC_WARN_UNINITIALIZED_AUTOS = YES_AGGRESSIVE;
				GCC_WARN_UNUSED_FUNCTION = YES;
				GCC_WARN_UNUSED_VARIABLE = YES;
				IPHONEOS_DEPLOYMENT_TARGET = 16.4;
				MTL_ENABLE_DEBUG_INFO = INCLUDE_SOURCE;
				MTL_FAST_MATH = YES;
				ONLY_ACTIVE_ARCH = YES;
				SDKROOT = iphoneos;
				SWIFT_ACTIVE_COMPILATION_CONDITIONS = DEBUG;
				SWIFT_OPTIMIZATION_LEVEL = "-Onone";
			};
			name = Debug;
		};
		72A504EB2A72A12000A87362 /* Release */ = {
			isa = XCBuildConfiguration;
			buildSettings = {
				ALWAYS_SEARCH_USER_PATHS = NO;
				CLANG_ANALYZER_NONNULL = YES;
				CLANG_ANALYZER_NUMBER_OBJECT_CONVERSION = YES_AGGRESSIVE;
				CLANG_CXX_LANGUAGE_STANDARD = "gnu++20";
				CLANG_ENABLE_MODULES = YES;
				CLANG_ENABLE_OBJC_ARC = YES;
				CLANG_ENABLE_OBJC_WEAK = YES;
				CLANG_WARN_BLOCK_CAPTURE_AUTORELEASING = YES;
				CLANG_WARN_BOOL_CONVERSION = YES;
				CLANG_WARN_COMMA = YES;
				CLANG_WARN_CONSTANT_CONVERSION = YES;
				CLANG_WARN_DEPRECATED_OBJC_IMPLEMENTATIONS = YES;
				CLANG_WARN_DIRECT_OBJC_ISA_USAGE = YES_ERROR;
				CLANG_WARN_DOCUMENTATION_COMMENTS = YES;
				CLANG_WARN_EMPTY_BODY = YES;
				CLANG_WARN_ENUM_CONVERSION = YES;
				CLANG_WARN_INFINITE_RECURSION = YES;
				CLANG_WARN_INT_CONVERSION = YES;
				CLANG_WARN_NON_LITERAL_NULL_CONVERSION = YES;
				CLANG_WARN_OBJC_IMPLICIT_RETAIN_SELF = YES;
				CLANG_WARN_OBJC_LITERAL_CONVERSION = YES;
				CLANG_WARN_OBJC_ROOT_CLASS = YES_ERROR;
				CLANG_WARN_QUOTED_INCLUDE_IN_FRAMEWORK_HEADER = YES;
				CLANG_WARN_RANGE_LOOP_ANALYSIS = YES;
				CLANG_WARN_STRICT_PROTOTYPES = YES;
				CLANG_WARN_SUSPICIOUS_MOVE = YES;
				CLANG_WARN_UNGUARDED_AVAILABILITY = YES_AGGRESSIVE;
				CLANG_WARN_UNREACHABLE_CODE = YES;
				CLANG_WARN__DUPLICATE_METHOD_MATCH = YES;
				COPY_PHASE_STRIP = NO;
				DEBUG_INFORMATION_FORMAT = "dwarf-with-dsym";
				ENABLE_NS_ASSERTIONS = NO;
				ENABLE_STRICT_OBJC_MSGSEND = YES;
				GCC_C_LANGUAGE_STANDARD = gnu11;
				GCC_NO_COMMON_BLOCKS = YES;
				GCC_WARN_64_TO_32_BIT_CONVERSION = YES;
				GCC_WARN_ABOUT_RETURN_TYPE = YES_ERROR;
				GCC_WARN_UNDECLARED_SELECTOR = YES;
				GCC_WARN_UNINITIALIZED_AUTOS = YES_AGGRESSIVE;
				GCC_WARN_UNUSED_FUNCTION = YES;
				GCC_WARN_UNUSED_VARIABLE = YES;
				IPHONEOS_DEPLOYMENT_TARGET = 16.4;
				MTL_ENABLE_DEBUG_INFO = NO;
				MTL_FAST_MATH = YES;
				SDKROOT = iphoneos;
				SWIFT_COMPILATION_MODE = wholemodule;
				SWIFT_OPTIMIZATION_LEVEL = "-O";
				VALIDATE_PRODUCT = YES;
			};
			name = Release;
		};
		72A504ED2A72A12000A87362 /* Debug */ = {
			isa = XCBuildConfiguration;
			buildSettings = {
				ASSETCATALOG_COMPILER_APPICON_NAME = AppIcon;
				ASSETCATALOG_COMPILER_GLOBAL_ACCENT_COLOR_NAME = AccentColor;
				CODE_SIGN_STYLE = Automatic;
				CURRENT_PROJECT_VERSION = 1;
				GENERATE_INFOPLIST_FILE = YES;
				INFOPLIST_FILE = Week3/Info.plist;
				INFOPLIST_KEY_UIApplicationSupportsIndirectInputEvents = YES;
				INFOPLIST_KEY_UILaunchStoryboardName = LaunchScreen;
				INFOPLIST_KEY_UIMainStoryboardFile = Main;
				INFOPLIST_KEY_UISupportedInterfaceOrientations_iPad = "UIInterfaceOrientationPortrait UIInterfaceOrientationPortraitUpsideDown UIInterfaceOrientationLandscapeLeft UIInterfaceOrientationLandscapeRight";
				INFOPLIST_KEY_UISupportedInterfaceOrientations_iPhone = "UIInterfaceOrientationPortrait UIInterfaceOrientationLandscapeLeft UIInterfaceOrientationLandscapeRight";
				LD_RUNPATH_SEARCH_PATHS = (
					"$(inherited)",
					"@executable_path/Frameworks",
				);
				MARKETING_VERSION = 1.0;
				PRODUCT_BUNDLE_IDENTIFIER = com.Week3;
				PRODUCT_NAME = "$(TARGET_NAME)";
				SWIFT_EMIT_LOC_STRINGS = YES;
				SWIFT_VERSION = 5.0;
				TARGETED_DEVICE_FAMILY = "1,2";
			};
			name = Debug;
		};
		72A504EE2A72A12000A87362 /* Release */ = {
			isa = XCBuildConfiguration;
			buildSettings = {
				ASSETCATALOG_COMPILER_APPICON_NAME = AppIcon;
				ASSETCATALOG_COMPILER_GLOBAL_ACCENT_COLOR_NAME = AccentColor;
				CODE_SIGN_STYLE = Automatic;
				CURRENT_PROJECT_VERSION = 1;
				GENERATE_INFOPLIST_FILE = YES;
				INFOPLIST_FILE = Week3/Info.plist;
				INFOPLIST_KEY_UIApplicationSupportsIndirectInputEvents = YES;
				INFOPLIST_KEY_UILaunchStoryboardName = LaunchScreen;
				INFOPLIST_KEY_UIMainStoryboardFile = Main;
				INFOPLIST_KEY_UISupportedInterfaceOrientations_iPad = "UIInterfaceOrientationPortrait UIInterfaceOrientationPortraitUpsideDown UIInterfaceOrientationLandscapeLeft UIInterfaceOrientationLandscapeRight";
				INFOPLIST_KEY_UISupportedInterfaceOrientations_iPhone = "UIInterfaceOrientationPortrait UIInterfaceOrientationLandscapeLeft UIInterfaceOrientationLandscapeRight";
				LD_RUNPATH_SEARCH_PATHS = (
					"$(inherited)",
					"@executable_path/Frameworks",
				);
				MARKETING_VERSION = 1.0;
				PRODUCT_BUNDLE_IDENTIFIER = com.Week3;
				PRODUCT_NAME = "$(TARGET_NAME)";
				SWIFT_EMIT_LOC_STRINGS = YES;
				SWIFT_VERSION = 5.0;
				TARGETED_DEVICE_FAMILY = "1,2";
			};
			name = Release;
		};
/* End XCBuildConfiguration section */

/* Begin XCConfigurationList section */
		72A504D32A72A11D00A87362 /* Build configuration list for PBXProject "Week3" */ = {
			isa = XCConfigurationList;
			buildConfigurations = (
				72A504EA2A72A12000A87362 /* Debug */,
				72A504EB2A72A12000A87362 /* Release */,
			);
			defaultConfigurationIsVisible = 0;
			defaultConfigurationName = Release;
		};
		72A504EC2A72A12000A87362 /* Build configuration list for PBXNativeTarget "Week3" */ = {
			isa = XCConfigurationList;
			buildConfigurations = (
				72A504ED2A72A12000A87362 /* Debug */,
				72A504EE2A72A12000A87362 /* Release */,
			);
			defaultConfigurationIsVisible = 0;
			defaultConfigurationName = Release;
		};
/* End XCConfigurationList section */
	};
	rootObject = 72A504D02A72A11D00A87362 /* Project object */;
}
